
Microsoft Visual Studio Solution File, Format Version 12.00
# Visual Studio 2013
VisualStudioVersion = 12.0.30723.0
MinimumVisualStudioVersion = 10.0.40219.1
Project("{FAE04EC0-301F-11D3-BF4B-00C04F79EFBC}") = "CustomerAppCore", "CustomerAppCore\CustomerAppCore.csproj", "{7D2C1ACA-628C-4D25-8EBB-10CE2D755AA5}"
EndProject
Project("{FAE04EC0-301F-11D3-BF4B-00C04F79EFBC}") = "CustomerAppDAL", "CustomerAppDAL\CustomerAppDAL.csproj", "{B73A7B64-9050-4CDF-BFE5-9C613C5B1F06}"
EndProject
Project("{FAE04EC0-301F-11D3-BF4B-00C04F79EFBC}") = "CustomerAppWpf", "CustomerAppWpf\CustomerAppWpf.csproj", "{CC1DE98C-4A94-497A-AA08-435B3FA308C5}"
EndProject
Project("{FAE04EC0-301F-11D3-BF4B-00C04F79EFBC}") = "CustomerAppDroid", "CustomerAppDroid\CustomerAppDroid.csproj", "{F73EC26E-D60C-4493-A36E-76B2C9B678FF}"
EndProject
Project("{FAE04EC0-301F-11D3-BF4B-00C04F79EFBC}") = "CustomerAppWP", "CustomerAppWP\CustomerAppWP.csproj", "{F317DC2C-7C9D-4E36-B0CD-8DB5FC240148}"
EndProject
Project("{2150E333-8FDC-42A3-9474-1A3956D46DE8}") = ".nuget", ".nuget", "{0F242A6C-2236-41A4-AF5B-37172BE43FA7}"
	ProjectSection(SolutionItems) = preProject
		.nuget\NuGet.Config = .nuget\NuGet.Config
		.nuget\NuGet.exe = .nuget\NuGet.exe
		.nuget\NuGet.targets = .nuget\NuGet.targets
	EndProjectSection
EndProject
Global
	GlobalSection(SolutionConfigurationPlatforms) = preSolution
		Ad-Hoc|Any CPU = Ad-Hoc|Any CPU
		Ad-Hoc|ARM = Ad-Hoc|ARM
		Ad-Hoc|iPhone = Ad-Hoc|iPhone
		Ad-Hoc|iPhoneSimulator = Ad-Hoc|iPhoneSimulator
		Ad-Hoc|Mixed Platforms = Ad-Hoc|Mixed Platforms
		Ad-Hoc|x64 = Ad-Hoc|x64
		Ad-Hoc|x86 = Ad-Hoc|x86
		AppStore|Any CPU = AppStore|Any CPU
		AppStore|ARM = AppStore|ARM
		AppStore|iPhone = AppStore|iPhone
		AppStore|iPhoneSimulator = AppStore|iPhoneSimulator
		AppStore|Mixed Platforms = AppStore|Mixed Platforms
		AppStore|x64 = AppStore|x64
		AppStore|x86 = AppStore|x86
		Debug|Any CPU = Debug|Any CPU
		Debug|ARM = Debug|ARM
		Debug|iPhone = Debug|iPhone
		Debug|iPhoneSimulator = Debug|iPhoneSimulator
		Debug|Mixed Platforms = Debug|Mixed Platforms
		Debug|x64 = Debug|x64
		Debug|x86 = Debug|x86
		Release|Any CPU = Release|Any CPU
		Release|ARM = Release|ARM
		Release|iPhone = Release|iPhone
		Release|iPhoneSimulator = Release|iPhoneSimulator
		Release|Mixed Platforms = Release|Mixed Platforms
		Release|x64 = Release|x64
		Release|x86 = Release|x86
	EndGlobalSection
	GlobalSection(ProjectConfigurationPlatforms) = postSolution
		{7D2C1ACA-628C-4D25-8EBB-10CE2D755AA5}.Ad-Hoc|Any CPU.ActiveCfg = Release|Any CPU
		{7D2C1ACA-628C-4D25-8EBB-10CE2D755AA5}.Ad-Hoc|Any CPU.Build.0 = Release|Any CPU
		{7D2C1ACA-628C-4D25-8EBB-10CE2D755AA5}.Ad-Hoc|ARM.ActiveCfg = Release|Any CPU
		{7D2C1ACA-628C-4D25-8EBB-10CE2D755AA5}.Ad-Hoc|iPhone.ActiveCfg = Release|Any CPU
		{7D2C1ACA-628C-4D25-8EBB-10CE2D755AA5}.Ad-Hoc|iPhoneSimulator.ActiveCfg = Release|Any CPU
		{7D2C1ACA-628C-4D25-8EBB-10CE2D755AA5}.Ad-Hoc|Mixed Platforms.ActiveCfg = Release|Any CPU
		{7D2C1ACA-628C-4D25-8EBB-10CE2D755AA5}.Ad-Hoc|Mixed Platforms.Build.0 = Release|Any CPU
		{7D2C1ACA-628C-4D25-8EBB-10CE2D755AA5}.Ad-Hoc|x64.ActiveCfg = Release|Any CPU
		{7D2C1ACA-628C-4D25-8EBB-10CE2D755AA5}.Ad-Hoc|x86.ActiveCfg = Release|Any CPU
		{7D2C1ACA-628C-4D25-8EBB-10CE2D755AA5}.AppStore|Any CPU.ActiveCfg = Release|Any CPU
		{7D2C1ACA-628C-4D25-8EBB-10CE2D755AA5}.AppStore|Any CPU.Build.0 = Release|Any CPU
		{7D2C1ACA-628C-4D25-8EBB-10CE2D755AA5}.AppStore|ARM.ActiveCfg = Release|Any CPU
		{7D2C1ACA-628C-4D25-8EBB-10CE2D755AA5}.AppStore|iPhone.ActiveCfg = Release|Any CPU
		{7D2C1ACA-628C-4D25-8EBB-10CE2D755AA5}.AppStore|iPhoneSimulator.ActiveCfg = Release|Any CPU
		{7D2C1ACA-628C-4D25-8EBB-10CE2D755AA5}.AppStore|Mixed Platforms.ActiveCfg = Release|Any CPU
		{7D2C1ACA-628C-4D25-8EBB-10CE2D755AA5}.AppStore|Mixed Platforms.Build.0 = Release|Any CPU
		{7D2C1ACA-628C-4D25-8EBB-10CE2D755AA5}.AppStore|x64.ActiveCfg = Release|Any CPU
		{7D2C1ACA-628C-4D25-8EBB-10CE2D755AA5}.AppStore|x86.ActiveCfg = Release|Any CPU
		{7D2C1ACA-628C-4D25-8EBB-10CE2D755AA5}.Debug|Any CPU.ActiveCfg = Debug|Any CPU
		{7D2C1ACA-628C-4D25-8EBB-10CE2D755AA5}.Debug|Any CPU.Build.0 = Debug|Any CPU
		{7D2C1ACA-628C-4D25-8EBB-10CE2D755AA5}.Debug|Any CPU.Deploy.0 = Debug|Any CPU
		{7D2C1ACA-628C-4D25-8EBB-10CE2D755AA5}.Debug|ARM.ActiveCfg = Debug|Any CPU
		{7D2C1ACA-628C-4D25-8EBB-10CE2D755AA5}.Debug|iPhone.ActiveCfg = Debug|Any CPU
		{7D2C1ACA-628C-4D25-8EBB-10CE2D755AA5}.Debug|iPhoneSimulator.ActiveCfg = Debug|Any CPU
		{7D2C1ACA-628C-4D25-8EBB-10CE2D755AA5}.Debug|Mixed Platforms.ActiveCfg = Debug|Any CPU
		{7D2C1ACA-628C-4D25-8EBB-10CE2D755AA5}.Debug|Mixed Platforms.Build.0 = Debug|Any CPU
		{7D2C1ACA-628C-4D25-8EBB-10CE2D755AA5}.Debug|x64.ActiveCfg = Debug|Any CPU
		{7D2C1ACA-628C-4D25-8EBB-10CE2D755AA5}.Debug|x86.ActiveCfg = Debug|Any CPU
		{7D2C1ACA-628C-4D25-8EBB-10CE2D755AA5}.Release|Any CPU.ActiveCfg = Release|Any CPU
		{7D2C1ACA-628C-4D25-8EBB-10CE2D755AA5}.Release|Any CPU.Build.0 = Release|Any CPU
		{7D2C1ACA-628C-4D25-8EBB-10CE2D755AA5}.Release|ARM.ActiveCfg = Release|Any CPU
		{7D2C1ACA-628C-4D25-8EBB-10CE2D755AA5}.Release|iPhone.ActiveCfg = Release|Any CPU
		{7D2C1ACA-628C-4D25-8EBB-10CE2D755AA5}.Release|iPhoneSimulator.ActiveCfg = Release|Any CPU
		{7D2C1ACA-628C-4D25-8EBB-10CE2D755AA5}.Release|Mixed Platforms.ActiveCfg = Release|Any CPU
		{7D2C1ACA-628C-4D25-8EBB-10CE2D755AA5}.Release|Mixed Platforms.Build.0 = Release|Any CPU
		{7D2C1ACA-628C-4D25-8EBB-10CE2D755AA5}.Release|x64.ActiveCfg = Release|Any CPU
		{7D2C1ACA-628C-4D25-8EBB-10CE2D755AA5}.Release|x86.ActiveCfg = Release|Any CPU
		{B73A7B64-9050-4CDF-BFE5-9C613C5B1F06}.Ad-Hoc|Any CPU.ActiveCfg = Release|Any CPU
		{B73A7B64-9050-4CDF-BFE5-9C613C5B1F06}.Ad-Hoc|Any CPU.Build.0 = Release|Any CPU
		{B73A7B64-9050-4CDF-BFE5-9C613C5B1F06}.Ad-Hoc|ARM.ActiveCfg = Release|Any CPU
		{B73A7B64-9050-4CDF-BFE5-9C613C5B1F06}.Ad-Hoc|iPhone.ActiveCfg = Release|Any CPU
		{B73A7B64-9050-4CDF-BFE5-9C613C5B1F06}.Ad-Hoc|iPhoneSimulator.ActiveCfg = Release|Any CPU
		{B73A7B64-9050-4CDF-BFE5-9C613C5B1F06}.Ad-Hoc|Mixed Platforms.ActiveCfg = Release|Any CPU
		{B73A7B64-9050-4CDF-BFE5-9C613C5B1F06}.Ad-Hoc|Mixed Platforms.Build.0 = Release|Any CPU
		{B73A7B64-9050-4CDF-BFE5-9C613C5B1F06}.Ad-Hoc|x64.ActiveCfg = Release|Any CPU
		{B73A7B64-9050-4CDF-BFE5-9C613C5B1F06}.Ad-Hoc|x86.ActiveCfg = Release|Any CPU
		{B73A7B64-9050-4CDF-BFE5-9C613C5B1F06}.AppStore|Any CPU.ActiveCfg = Release|Any CPU
		{B73A7B64-9050-4CDF-BFE5-9C613C5B1F06}.AppStore|Any CPU.Build.0 = Release|Any CPU
		{B73A7B64-9050-4CDF-BFE5-9C613C5B1F06}.AppStore|ARM.ActiveCfg = Release|Any CPU
		{B73A7B64-9050-4CDF-BFE5-9C613C5B1F06}.AppStore|iPhone.ActiveCfg = Release|Any CPU
		{B73A7B64-9050-4CDF-BFE5-9C613C5B1F06}.AppStore|iPhoneSimulator.ActiveCfg = Release|Any CPU
		{B73A7B64-9050-4CDF-BFE5-9C613C5B1F06}.AppStore|Mixed Platforms.ActiveCfg = Release|Any CPU
		{B73A7B64-9050-4CDF-BFE5-9C613C5B1F06}.AppStore|Mixed Platforms.Build.0 = Release|Any CPU
		{B73A7B64-9050-4CDF-BFE5-9C613C5B1F06}.AppStore|x64.ActiveCfg = Release|Any CPU
		{B73A7B64-9050-4CDF-BFE5-9C613C5B1F06}.AppStore|x86.ActiveCfg = Release|Any CPU
		{B73A7B64-9050-4CDF-BFE5-9C613C5B1F06}.Debug|Any CPU.ActiveCfg = Debug|Any CPU
		{B73A7B64-9050-4CDF-BFE5-9C613C5B1F06}.Debug|Any CPU.Build.0 = Debug|Any CPU
		{B73A7B64-9050-4CDF-BFE5-9C613C5B1F06}.Debug|Any CPU.Deploy.0 = Debug|Any CPU
		{B73A7B64-9050-4CDF-BFE5-9C613C5B1F06}.Debug|ARM.ActiveCfg = Debug|Any CPU
		{B73A7B64-9050-4CDF-BFE5-9C613C5B1F06}.Debug|iPhone.ActiveCfg = Debug|Any CPU
		{B73A7B64-9050-4CDF-BFE5-9C613C5B1F06}.Debug|iPhoneSimulator.ActiveCfg = Debug|Any CPU
		{B73A7B64-9050-4CDF-BFE5-9C613C5B1F06}.Debug|Mixed Platforms.ActiveCfg = Debug|Any CPU
		{B73A7B64-9050-4CDF-BFE5-9C613C5B1F06}.Debug|Mixed Platforms.Build.0 = Debug|Any CPU
		{B73A7B64-9050-4CDF-BFE5-9C613C5B1F06}.Debug|x64.ActiveCfg = Debug|Any CPU
		{B73A7B64-9050-4CDF-BFE5-9C613C5B1F06}.Debug|x86.ActiveCfg = Debug|Any CPU
		{B73A7B64-9050-4CDF-BFE5-9C613C5B1F06}.Release|Any CPU.ActiveCfg = Release|Any CPU
		{B73A7B64-9050-4CDF-BFE5-9C613C5B1F06}.Release|Any CPU.Build.0 = Release|Any CPU
		{B73A7B64-9050-4CDF-BFE5-9C613C5B1F06}.Release|ARM.ActiveCfg = Release|Any CPU
		{B73A7B64-9050-4CDF-BFE5-9C613C5B1F06}.Release|iPhone.ActiveCfg = Release|Any CPU
		{B73A7B64-9050-4CDF-BFE5-9C613C5B1F06}.Release|iPhoneSimulator.ActiveCfg = Release|Any CPU
		{B73A7B64-9050-4CDF-BFE5-9C613C5B1F06}.Release|Mixed Platforms.ActiveCfg = Release|Any CPU
		{B73A7B64-9050-4CDF-BFE5-9C613C5B1F06}.Release|Mixed Platforms.Build.0 = Release|Any CPU
		{B73A7B64-9050-4CDF-BFE5-9C613C5B1F06}.Release|x64.ActiveCfg = Release|Any CPU
		{B73A7B64-9050-4CDF-BFE5-9C613C5B1F06}.Release|x86.ActiveCfg = Release|Any CPU
		{CC1DE98C-4A94-497A-AA08-435B3FA308C5}.Ad-Hoc|Any CPU.ActiveCfg = Release|Any CPU
		{CC1DE98C-4A94-497A-AA08-435B3FA308C5}.Ad-Hoc|Any CPU.Build.0 = Release|Any CPU
		{CC1DE98C-4A94-497A-AA08-435B3FA308C5}.Ad-Hoc|ARM.ActiveCfg = Release|Any CPU
		{CC1DE98C-4A94-497A-AA08-435B3FA308C5}.Ad-Hoc|iPhone.ActiveCfg = Release|Any CPU
		{CC1DE98C-4A94-497A-AA08-435B3FA308C5}.Ad-Hoc|iPhoneSimulator.ActiveCfg = Release|Any CPU
		{CC1DE98C-4A94-497A-AA08-435B3FA308C5}.Ad-Hoc|Mixed Platforms.ActiveCfg = Release|Any CPU
		{CC1DE98C-4A94-497A-AA08-435B3FA308C5}.Ad-Hoc|Mixed Platforms.Build.0 = Release|Any CPU
		{CC1DE98C-4A94-497A-AA08-435B3FA308C5}.Ad-Hoc|x64.ActiveCfg = Release|Any CPU
		{CC1DE98C-4A94-497A-AA08-435B3FA308C5}.Ad-Hoc|x86.ActiveCfg = Release|Any CPU
		{CC1DE98C-4A94-497A-AA08-435B3FA308C5}.AppStore|Any CPU.ActiveCfg = Release|Any CPU
		{CC1DE98C-4A94-497A-AA08-435B3FA308C5}.AppStore|Any CPU.Build.0 = Release|Any CPU
		{CC1DE98C-4A94-497A-AA08-435B3FA308C5}.AppStore|ARM.ActiveCfg = Release|Any CPU
		{CC1DE98C-4A94-497A-AA08-435B3FA308C5}.AppStore|iPhone.ActiveCfg = Release|Any CPU
		{CC1DE98C-4A94-497A-AA08-435B3FA308C5}.AppStore|iPhoneSimulator.ActiveCfg = Release|Any CPU
		{CC1DE98C-4A94-497A-AA08-435B3FA308C5}.AppStore|Mixed Platforms.ActiveCfg = Release|Any CPU
		{CC1DE98C-4A94-497A-AA08-435B3FA308C5}.AppStore|Mixed Platforms.Build.0 = Release|Any CPU
		{CC1DE98C-4A94-497A-AA08-435B3FA308C5}.AppStore|x64.ActiveCfg = Release|Any CPU
		{CC1DE98C-4A94-497A-AA08-435B3FA308C5}.AppStore|x86.ActiveCfg = Release|Any CPU
		{CC1DE98C-4A94-497A-AA08-435B3FA308C5}.Debug|Any CPU.ActiveCfg = Debug|Any CPU
		{CC1DE98C-4A94-497A-AA08-435B3FA308C5}.Debug|Any CPU.Build.0 = Debug|Any CPU
		{CC1DE98C-4A94-497A-AA08-435B3FA308C5}.Debug|ARM.ActiveCfg = Debug|Any CPU
		{CC1DE98C-4A94-497A-AA08-435B3FA308C5}.Debug|iPhone.ActiveCfg = Debug|Any CPU
		{CC1DE98C-4A94-497A-AA08-435B3FA308C5}.Debug|iPhoneSimulator.ActiveCfg = Debug|Any CPU
		{CC1DE98C-4A94-497A-AA08-435B3FA308C5}.Debug|Mixed Platforms.ActiveCfg = Debug|Any CPU
		{CC1DE98C-4A94-497A-AA08-435B3FA308C5}.Debug|Mixed Platforms.Build.0 = Debug|Any CPU
		{CC1DE98C-4A94-497A-AA08-435B3FA308C5}.Debug|x64.ActiveCfg = Debug|Any CPU
		{CC1DE98C-4A94-497A-AA08-435B3FA308C5}.Debug|x86.ActiveCfg = Debug|Any CPU
		{CC1DE98C-4A94-497A-AA08-435B3FA308C5}.Release|Any CPU.ActiveCfg = Release|Any CPU
		{CC1DE98C-4A94-497A-AA08-435B3FA308C5}.Release|Any CPU.Build.0 = Release|Any CPU
		{CC1DE98C-4A94-497A-AA08-435B3FA308C5}.Release|ARM.ActiveCfg = Release|Any CPU
		{CC1DE98C-4A94-497A-AA08-435B3FA308C5}.Release|iPhone.ActiveCfg = Release|Any CPU
		{CC1DE98C-4A94-497A-AA08-435B3FA308C5}.Release|iPhoneSimulator.ActiveCfg = Release|Any CPU
		{CC1DE98C-4A94-497A-AA08-435B3FA308C5}.Release|Mixed Platforms.ActiveCfg = Release|Any CPU
		{CC1DE98C-4A94-497A-AA08-435B3FA308C5}.Release|Mixed Platforms.Build.0 = Release|Any CPU
		{CC1DE98C-4A94-497A-AA08-435B3FA308C5}.Release|x64.ActiveCfg = Release|Any CPU
		{CC1DE98C-4A94-497A-AA08-435B3FA308C5}.Release|x86.ActiveCfg = Release|Any CPU
		{F73EC26E-D60C-4493-A36E-76B2C9B678FF}.Ad-Hoc|Any CPU.ActiveCfg = Release|Any CPU
		{F73EC26E-D60C-4493-A36E-76B2C9B678FF}.Ad-Hoc|Any CPU.Build.0 = Release|Any CPU
		{F73EC26E-D60C-4493-A36E-76B2C9B678FF}.Ad-Hoc|Any CPU.Deploy.0 = Release|Any CPU
		{F73EC26E-D60C-4493-A36E-76B2C9B678FF}.Ad-Hoc|ARM.ActiveCfg = Release|Any CPU
		{F73EC26E-D60C-4493-A36E-76B2C9B678FF}.Ad-Hoc|iPhone.ActiveCfg = Release|Any CPU
		{F73EC26E-D60C-4493-A36E-76B2C9B678FF}.Ad-Hoc|iPhoneSimulator.ActiveCfg = Release|Any CPU
		{F73EC26E-D60C-4493-A36E-76B2C9B678FF}.Ad-Hoc|Mixed Platforms.ActiveCfg = Release|Any CPU
		{F73EC26E-D60C-4493-A36E-76B2C9B678FF}.Ad-Hoc|Mixed Platforms.Build.0 = Release|Any CPU
		{F73EC26E-D60C-4493-A36E-76B2C9B678FF}.Ad-Hoc|Mixed Platforms.Deploy.0 = Release|Any CPU
		{F73EC26E-D60C-4493-A36E-76B2C9B678FF}.Ad-Hoc|x64.ActiveCfg = Release|Any CPU
		{F73EC26E-D60C-4493-A36E-76B2C9B678FF}.Ad-Hoc|x86.ActiveCfg = Release|Any CPU
		{F73EC26E-D60C-4493-A36E-76B2C9B678FF}.AppStore|Any CPU.ActiveCfg = Release|Any CPU
		{F73EC26E-D60C-4493-A36E-76B2C9B678FF}.AppStore|Any CPU.Build.0 = Release|Any CPU
		{F73EC26E-D60C-4493-A36E-76B2C9B678FF}.AppStore|Any CPU.Deploy.0 = Release|Any CPU
		{F73EC26E-D60C-4493-A36E-76B2C9B678FF}.AppStore|ARM.ActiveCfg = Release|Any CPU
		{F73EC26E-D60C-4493-A36E-76B2C9B678FF}.AppStore|iPhone.ActiveCfg = Release|Any CPU
		{F73EC26E-D60C-4493-A36E-76B2C9B678FF}.AppStore|iPhoneSimulator.ActiveCfg = Release|Any CPU
		{F73EC26E-D60C-4493-A36E-76B2C9B678FF}.AppStore|Mixed Platforms.ActiveCfg = Release|Any CPU
		{F73EC26E-D60C-4493-A36E-76B2C9B678FF}.AppStore|Mixed Platforms.Build.0 = Release|Any CPU
		{F73EC26E-D60C-4493-A36E-76B2C9B678FF}.AppStore|Mixed Platforms.Deploy.0 = Release|Any CPU
		{F73EC26E-D60C-4493-A36E-76B2C9B678FF}.AppStore|x64.ActiveCfg = Release|Any CPU
		{F73EC26E-D60C-4493-A36E-76B2C9B678FF}.AppStore|x86.ActiveCfg = Release|Any CPU
		{F73EC26E-D60C-4493-A36E-76B2C9B678FF}.Debug|Any CPU.ActiveCfg = Debug|Any CPU
		{F73EC26E-D60C-4493-A36E-76B2C9B678FF}.Debug|Any CPU.Build.0 = Debug|Any CPU
		{F73EC26E-D60C-4493-A36E-76B2C9B678FF}.Debug|Any CPU.Deploy.0 = Debug|Any CPU
		{F73EC26E-D60C-4493-A36E-76B2C9B678FF}.Debug|ARM.ActiveCfg = Debug|Any CPU
		{F73EC26E-D60C-4493-A36E-76B2C9B678FF}.Debug|ARM.Build.0 = Debug|Any CPU
		{F73EC26E-D60C-4493-A36E-76B2C9B678FF}.Debug|iPhone.ActiveCfg = Debug|Any CPU
		{F73EC26E-D60C-4493-A36E-76B2C9B678FF}.Debug|iPhoneSimulator.ActiveCfg = Debug|Any CPU
		{F73EC26E-D60C-4493-A36E-76B2C9B678FF}.Debug|Mixed Platforms.ActiveCfg = Debug|Any CPU
		{F73EC26E-D60C-4493-A36E-76B2C9B678FF}.Debug|Mixed Platforms.Build.0 = Debug|Any CPU
		{F73EC26E-D60C-4493-A36E-76B2C9B678FF}.Debug|Mixed Platforms.Deploy.0 = Debug|Any CPU
		{F73EC26E-D60C-4493-A36E-76B2C9B678FF}.Debug|x64.ActiveCfg = Debug|Any CPU
		{F73EC26E-D60C-4493-A36E-76B2C9B678FF}.Debug|x64.Build.0 = Debug|Any CPU
		{F73EC26E-D60C-4493-A36E-76B2C9B678FF}.Debug|x86.ActiveCfg = Debug|Any CPU
		{F73EC26E-D60C-4493-A36E-76B2C9B678FF}.Debug|x86.Build.0 = Debug|Any CPU
		{F73EC26E-D60C-4493-A36E-76B2C9B678FF}.Release|Any CPU.ActiveCfg = Release|Any CPU
		{F73EC26E-D60C-4493-A36E-76B2C9B678FF}.Release|Any CPU.Build.0 = Release|Any CPU
		{F73EC26E-D60C-4493-A36E-76B2C9B678FF}.Release|ARM.ActiveCfg = Release|Any CPU
		{F73EC26E-D60C-4493-A36E-76B2C9B678FF}.Release|ARM.Build.0 = Release|Any CPU
		{F73EC26E-D60C-4493-A36E-76B2C9B678FF}.Release|iPhone.ActiveCfg = Release|Any CPU
		{F73EC26E-D60C-4493-A36E-76B2C9B678FF}.Release|iPhoneSimulator.ActiveCfg = Release|Any CPU
		{F73EC26E-D60C-4493-A36E-76B2C9B678FF}.Release|Mixed Platforms.ActiveCfg = Release|Any CPU
		{F73EC26E-D60C-4493-A36E-76B2C9B678FF}.Release|Mixed Platforms.Build.0 = Release|Any CPU
		{F73EC26E-D60C-4493-A36E-76B2C9B678FF}.Release|Mixed Platforms.Deploy.0 = Release|Any CPU
		{F73EC26E-D60C-4493-A36E-76B2C9B678FF}.Release|x64.ActiveCfg = Release|Any CPU
		{F73EC26E-D60C-4493-A36E-76B2C9B678FF}.Release|x64.Build.0 = Release|Any CPU
		{F73EC26E-D60C-4493-A36E-76B2C9B678FF}.Release|x86.ActiveCfg = Release|Any CPU
		{F73EC26E-D60C-4493-A36E-76B2C9B678FF}.Release|x86.Build.0 = Release|Any CPU
		{F317DC2C-7C9D-4E36-B0CD-8DB5FC240148}.Ad-Hoc|Any CPU.ActiveCfg = Release|Any CPU
		{F317DC2C-7C9D-4E36-B0CD-8DB5FC240148}.Ad-Hoc|Any CPU.Build.0 = Release|Any CPU
		{F317DC2C-7C9D-4E36-B0CD-8DB5FC240148}.Ad-Hoc|Any CPU.Deploy.0 = Release|Any CPU
		{F317DC2C-7C9D-4E36-B0CD-8DB5FC240148}.Ad-Hoc|ARM.ActiveCfg = Release|ARM
		{F317DC2C-7C9D-4E36-B0CD-8DB5FC240148}.Ad-Hoc|ARM.Build.0 = Release|ARM
		{F317DC2C-7C9D-4E36-B0CD-8DB5FC240148}.Ad-Hoc|ARM.Deploy.0 = Release|ARM
		{F317DC2C-7C9D-4E36-B0CD-8DB5FC240148}.Ad-Hoc|iPhone.ActiveCfg = Release|Any CPU
		{F317DC2C-7C9D-4E36-B0CD-8DB5FC240148}.Ad-Hoc|iPhoneSimulator.ActiveCfg = Release|Any CPU
		{F317DC2C-7C9D-4E36-B0CD-8DB5FC240148}.Ad-Hoc|Mixed Platforms.ActiveCfg = Release|x86
		{F317DC2C-7C9D-4E36-B0CD-8DB5FC240148}.Ad-Hoc|Mixed Platforms.Build.0 = Release|x86
		{F317DC2C-7C9D-4E36-B0CD-8DB5FC240148}.Ad-Hoc|Mixed Platforms.Deploy.0 = Release|x86
		{F317DC2C-7C9D-4E36-B0CD-8DB5FC240148}.Ad-Hoc|x64.ActiveCfg = Release|Any CPU
		{F317DC2C-7C9D-4E36-B0CD-8DB5FC240148}.Ad-Hoc|x86.ActiveCfg = Release|x86
		{F317DC2C-7C9D-4E36-B0CD-8DB5FC240148}.Ad-Hoc|x86.Build.0 = Release|x86
		{F317DC2C-7C9D-4E36-B0CD-8DB5FC240148}.Ad-Hoc|x86.Deploy.0 = Release|x86
		{F317DC2C-7C9D-4E36-B0CD-8DB5FC240148}.AppStore|Any CPU.ActiveCfg = Release|Any CPU
		{F317DC2C-7C9D-4E36-B0CD-8DB5FC240148}.AppStore|Any CPU.Build.0 = Release|Any CPU
		{F317DC2C-7C9D-4E36-B0CD-8DB5FC240148}.AppStore|Any CPU.Deploy.0 = Release|Any CPU
		{F317DC2C-7C9D-4E36-B0CD-8DB5FC240148}.AppStore|ARM.ActiveCfg = Release|ARM
		{F317DC2C-7C9D-4E36-B0CD-8DB5FC240148}.AppStore|ARM.Build.0 = Release|ARM
		{F317DC2C-7C9D-4E36-B0CD-8DB5FC240148}.AppStore|ARM.Deploy.0 = Release|ARM
		{F317DC2C-7C9D-4E36-B0CD-8DB5FC240148}.AppStore|iPhone.ActiveCfg = Release|Any CPU
		{F317DC2C-7C9D-4E36-B0CD-8DB5FC240148}.AppStore|iPhoneSimulator.ActiveCfg = Release|Any CPU
		{F317DC2C-7C9D-4E36-B0CD-8DB5FC240148}.AppStore|Mixed Platforms.ActiveCfg = Release|x86
		{F317DC2C-7C9D-4E36-B0CD-8DB5FC240148}.AppStore|Mixed Platforms.Build.0 = Release|x86
		{F317DC2C-7C9D-4E36-B0CD-8DB5FC240148}.AppStore|Mixed Platforms.Deploy.0 = Release|x86
		{F317DC2C-7C9D-4E36-B0CD-8DB5FC240148}.AppStore|x64.ActiveCfg = Release|Any CPU
		{F317DC2C-7C9D-4E36-B0CD-8DB5FC240148}.AppStore|x86.ActiveCfg = Release|x86
		{F317DC2C-7C9D-4E36-B0CD-8DB5FC240148}.AppStore|x86.Build.0 = Release|x86
		{F317DC2C-7C9D-4E36-B0CD-8DB5FC240148}.AppStore|x86.Deploy.0 = Release|x86
		{F317DC2C-7C9D-4E36-B0CD-8DB5FC240148}.Debug|Any CPU.ActiveCfg = Debug|Any CPU
		{F317DC2C-7C9D-4E36-B0CD-8DB5FC240148}.Debug|Any CPU.Build.0 = Debug|Any CPU
		{F317DC2C-7C9D-4E36-B0CD-8DB5FC240148}.Debug|Any CPU.Deploy.0 = Debug|Any CPU
		{F317DC2C-7C9D-4E36-B0CD-8DB5FC240148}.Debug|ARM.ActiveCfg = Debug|ARM
		{F317DC2C-7C9D-4E36-B0CD-8DB5FC240148}.Debug|ARM.Build.0 = Debug|ARM
		{F317DC2C-7C9D-4E36-B0CD-8DB5FC240148}.Debug|ARM.Deploy.0 = Debug|ARM
		{F317DC2C-7C9D-4E36-B0CD-8DB5FC240148}.Debug|iPhone.ActiveCfg = Debug|Any CPU
		{F317DC2C-7C9D-4E36-B0CD-8DB5FC240148}.Debug|iPhoneSimulator.ActiveCfg = Debug|Any CPU
		{F317DC2C-7C9D-4E36-B0CD-8DB5FC240148}.Debug|Mixed Platforms.ActiveCfg = Debug|Any CPU
		{F317DC2C-7C9D-4E36-B0CD-8DB5FC240148}.Debug|Mixed Platforms.Build.0 = Debug|Any CPU
		{F317DC2C-7C9D-4E36-B0CD-8DB5FC240148}.Debug|Mixed Platforms.Deploy.0 = Debug|Any CPU
		{F317DC2C-7C9D-4E36-B0CD-8DB5FC240148}.Debug|x64.ActiveCfg = Debug|Any CPU
		{F317DC2C-7C9D-4E36-B0CD-8DB5FC240148}.Debug|x86.ActiveCfg = Debug|x86
		{F317DC2C-7C9D-4E36-B0CD-8DB5FC240148}.Debug|x86.Build.0 = Debug|x86
		{F317DC2C-7C9D-4E36-B0CD-8DB5FC240148}.Debug|x86.Deploy.0 = Debug|x86
		{F317DC2C-7C9D-4E36-B0CD-8DB5FC240148}.Release|Any CPU.ActiveCfg = Release|Any CPU
		{F317DC2C-7C9D-4E36-B0CD-8DB5FC240148}.Release|Any CPU.Build.0 = Release|Any CPU
		{F317DC2C-7C9D-4E36-B0CD-8DB5FC240148}.Release|Any CPU.Deploy.0 = Release|Any CPU
		{F317DC2C-7C9D-4E36-B0CD-8DB5FC240148}.Release|ARM.ActiveCfg = Release|ARM
		{F317DC2C-7C9D-4E36-B0CD-8DB5FC240148}.Release|ARM.Build.0 = Release|ARM
		{F317DC2C-7C9D-4E36-B0CD-8DB5FC240148}.Release|ARM.Deploy.0 = Release|ARM
		{F317DC2C-7C9D-4E36-B0CD-8DB5FC240148}.Release|iPhone.ActiveCfg = Release|Any CPU
		{F317DC2C-7C9D-4E36-B0CD-8DB5FC240148}.Release|iPhoneSimulator.ActiveCfg = Release|Any CPU
		{F317DC2C-7C9D-4E36-B0CD-8DB5FC240148}.Release|Mixed Platforms.ActiveCfg = Release|x86
		{F317DC2C-7C9D-4E36-B0CD-8DB5FC240148}.Release|Mixed Platforms.Build.0 = Release|x86
		{F317DC2C-7C9D-4E36-B0CD-8DB5FC240148}.Release|Mixed Platforms.Deploy.0 = Release|x86
		{F317DC2C-7C9D-4E36-B0CD-8DB5FC240148}.Release|x64.ActiveCfg = Release|Any CPU
		{F317DC2C-7C9D-4E36-B0CD-8DB5FC240148}.Release|x86.ActiveCfg = Release|x86
		{F317DC2C-7C9D-4E36-B0CD-8DB5FC240148}.Release|x86.Build.0 = Release|x86
		{F317DC2C-7C9D-4E36-B0CD-8DB5FC240148}.Release|x86.Deploy.0 = Release|x86
	EndGlobalSection
	GlobalSection(SolutionProperties) = preSolution
		HideSolutionNode = FALSE
	EndGlobalSection
	GlobalSection(MonoDevelopProperties) = preSolution
		StartupItem = CustomerAppCore\CustomerAppCore.csproj
	EndGlobalSection
EndGlobal
